
Microsoft Visual Studio Solution File, Format Version 12.00
# Visual Studio Version 17
VisualStudioVersion = 17.5.33502.453
MinimumVisualStudioVersion = 10.0.40219.1
Project("{2150E333-8FDC-42A3-9474-1A3956D46DE8}") = "Элементы решения", "Элементы решения", "{04907F00-EC10-4376-8748-E181BAD89DC8}"
EndProject
Project("{FAE04EC0-301F-11D3-BF4B-00C04F79EFBC}") = "processes", "processes\processes.csproj", "{2DAE5CAD-1498-43EB-875D-B37105060E5C}"
EndProject
Project("{FAE04EC0-301F-11D3-BF4B-00C04F79EFBC}") = "App", "DLL\App\App.csproj", "{668A0BE4-CB2D-4682-A0C3-BD530579AD03}"
EndProject
Project("{FAE04EC0-301F-11D3-BF4B-00C04F79EFBC}") = "DLL", "DLL\DLL\DLL.csproj", "{CA37FABC-6EFF-4945-A427-B1A972ECFD57}"
EndProject
Project("{FAE04EC0-301F-11D3-BF4B-00C04F79EFBC}") = "procedures", "procedures\procedures.csproj", "{F9B5E3A2-AB8D-4F44-B5AD-02F02EEF8329}"
EndProject
Project("{FAE04EC0-301F-11D3-BF4B-00C04F79EFBC}") = "threads", "threads\threads.csproj", "{03125845-8639-4021-BAB7-828857468DA6}"
EndProject
Global
	GlobalSection(SolutionConfigurationPlatforms) = preSolution
		Debug|Any CPU = Debug|Any CPU
		Release|Any CPU = Release|Any CPU
	EndGlobalSection
	GlobalSection(ProjectConfigurationPlatforms) = postSolution
		{2DAE5CAD-1498-43EB-875D-B37105060E5C}.Debug|Any CPU.ActiveCfg = Debug|Any CPU
		{2DAE5CAD-1498-43EB-875D-B37105060E5C}.Debug|Any CPU.Build.0 = Debug|Any CPU
		{2DAE5CAD-1498-43EB-875D-B37105060E5C}.Release|Any CPU.ActiveCfg = Release|Any CPU
		{2DAE5CAD-1498-43EB-875D-B37105060E5C}.Release|Any CPU.Build.0 = Release|Any CPU
		{668A0BE4-CB2D-4682-A0C3-BD530579AD03}.Debug|Any CPU.ActiveCfg = Debug|Any CPU
		{668A0BE4-CB2D-4682-A0C3-BD530579AD03}.Debug|Any CPU.Build.0 = Debug|Any CPU
		{668A0BE4-CB2D-4682-A0C3-BD530579AD03}.Release|Any CPU.ActiveCfg = Release|Any CPU
		{668A0BE4-CB2D-4682-A0C3-BD530579AD03}.Release|Any CPU.Build.0 = Release|Any CPU
		{CA37FABC-6EFF-4945-A427-B1A972ECFD57}.Debug|Any CPU.ActiveCfg = Debug|Any CPU
		{CA37FABC-6EFF-4945-A427-B1A972ECFD57}.Debug|Any CPU.Build.0 = Debug|Any CPU
		{CA37FABC-6EFF-4945-A427-B1A972ECFD57}.Release|Any CPU.ActiveCfg = Release|Any CPU
		{CA37FABC-6EFF-4945-A427-B1A972ECFD57}.Release|Any CPU.Build.0 = Release|Any CPU
		{F9B5E3A2-AB8D-4F44-B5AD-02F02EEF8329}.Debug|Any CPU.ActiveCfg = Debug|Any CPU
		{F9B5E3A2-AB8D-4F44-B5AD-02F02EEF8329}.Debug|Any CPU.Build.0 = Debug|Any CPU
		{F9B5E3A2-AB8D-4F44-B5AD-02F02EEF8329}.Release|Any CPU.ActiveCfg = Release|Any CPU
		{F9B5E3A2-AB8D-4F44-B5AD-02F02EEF8329}.Release|Any CPU.Build.0 = Release|Any CPU
		{03125845-8639-4021-BAB7-828857468DA6}.Debug|Any CPU.ActiveCfg = Debug|Any CPU
		{03125845-8639-4021-BAB7-828857468DA6}.Debug|Any CPU.Build.0 = Debug|Any CPU
		{03125845-8639-4021-BAB7-828857468DA6}.Release|Any CPU.ActiveCfg = Release|Any CPU
		{03125845-8639-4021-BAB7-828857468DA6}.Release|Any CPU.Build.0 = Release|Any CPU
	EndGlobalSection
	GlobalSection(SolutionProperties) = preSolution
		HideSolutionNode = FALSE
	EndGlobalSection
	GlobalSection(NestedProjects) = preSolution
		{2DAE5CAD-1498-43EB-875D-B37105060E5C} = {04907F00-EC10-4376-8748-E181BAD89DC8}
	EndGlobalSection
	GlobalSection(ExtensibilityGlobals) = postSolution
		SolutionGuid = {0C4877E3-5E6A-4B29-B0DD-83CED94A8542}
	EndGlobalSection
EndGlobal
